
Microsoft Visual Studio Solution File, Format Version 12.00
# Visual Studio 14
VisualStudioVersion = 14.0.23107.0
MinimumVisualStudioVersion = 10.0.40219.1
Project("{FAE04EC0-301F-11D3-BF4B-00C04F79EFBC}") = "Connext", "Connext\Connext.csproj", "{7AA257EF-9F06-4238-8BA6-A61016E84220}"
EndProject
Project("{FAE04EC0-301F-11D3-BF4B-00C04F79EFBC}") = "ConnextBusinessLayer", "ConnextBusinessLayer\ConnextBusinessLayer.csproj", "{AFC7A7A7-5FC7-4695-8FAC-C8AF9C4AC76C}"
EndProject
Global
	GlobalSection(SolutionConfigurationPlatforms) = preSolution
		Debug|Any CPU = Debug|Any CPU
		Release|Any CPU = Release|Any CPU
	EndGlobalSection
	GlobalSection(ProjectConfigurationPlatforms) = postSolution
		{7AA257EF-9F06-4238-8BA6-A61016E84220}.Debug|Any CPU.ActiveCfg = Debug|Any CPU
		{7AA257EF-9F06-4238-8BA6-A61016E84220}.Debug|Any CPU.Build.0 = Debug|Any CPU
		{7AA257EF-9F06-4238-8BA6-A61016E84220}.Release|Any CPU.ActiveCfg = Release|Any CPU
		{7AA257EF-9F06-4238-8BA6-A61016E84220}.Release|Any CPU.Build.0 = Release|Any CPU
		{AFC7A7A7-5FC7-4695-8FAC-C8AF9C4AC76C}.Debug|Any CPU.ActiveCfg = Debug|Any CPU
		{AFC7A7A7-5FC7-4695-8FAC-C8AF9C4AC76C}.Debug|Any CPU.Build.0 = Debug|Any CPU
		{AFC7A7A7-5FC7-4695-8FAC-C8AF9C4AC76C}.Release|Any CPU.ActiveCfg = Release|Any CPU
		{AFC7A7A7-5FC7-4695-8FAC-C8AF9C4AC76C}.Release|Any CPU.Build.0 = Release|Any CPU
	EndGlobalSection
	GlobalSection(SolutionProperties) = preSolution
		HideSolutionNode = FALSE
	EndGlobalSection
EndGlobal
